<?xml version="1.0" encoding="utf-8"?>
<Project ToolsVersion="4.0" xmlns="http://schemas.microsoft.com/developer/msbuild/2003">
  <ItemGroup>
    <Filter Include="Source Files">
      <UniqueIdentifier>{4FC737F1-C7A5-4376-A066-2A32D752A2FF}</UniqueIdentifier>
      <Extensions>cpp;c;cc;cxx;c++;cppm;ixx;def;odl;idl;hpj;bat;asm;asmx</Extensions>
    </Filter>
    <Filter Include="Header Files">
      <UniqueIdentifier>{93995380-89BD-4b04-88EB-625FBE52EBFB}</UniqueIdentifier>
      <Extensions>h;hh;hpp;hxx;h++;hm;inl;inc;ipp;xsd</Extensions>
    </Filter>
    <Filter Include="Resource Files">
      <UniqueIdentifier>{67DA6AB6-F800-4c08-8B7A-83BB121AAD01}</UniqueIdentifier>
      <Extensions>rc;ico;cur;bmp;dlg;rc2;rct;bin;rgs;gif;jpg;jpeg;jpe;resx;tiff;tif;png;wav;mfcribbon-ms</Extensions>
    </Filter>
    <Filter Include="Header Files\Dragonfly">
      <UniqueIdentifier>{a91a2a8f-a508-4e79-b646-ed1594140e0a}</UniqueIdentifier>
    </Filter>
    <Filter Include="Header Files\Dragonfly\Managers">
      <UniqueIdentifier>{08145a84-5718-4c5f-b271-cb0d3473d235}</UniqueIdentifier>
    </Filter>
    <Filter Include="Header Files\Dragonfly\Events">
      <UniqueIdentifier>{8ffa9cd5-db87-472b-9455-46797b9709d7}</UniqueIdentifier>
    </Filter>
    <Filter Include="Source Files\Dragonfly">
      <UniqueIdentifier>{9159dddf-5bb9-4086-910f-56c797fb4668}</UniqueIdentifier>
    </Filter>
    <Filter Include="Source Files\Dragonfly\Events">
      <UniqueIdentifier>{0e3e52dc-8524-41f5-bc3c-ade8b14c4987}</UniqueIdentifier>
    </Filter>
    <Filter Include="Source Files\Dragonfly\Managers">
      <UniqueIdentifier>{b0ef32e0-ed58-44a5-87c5-308bdc81a5b4}</UniqueIdentifier>
    </Filter>
  </ItemGroup>
  <ItemGroup>
    <ClCompile Include="..\Crate.cpp">
      <Filter>Source Files</Filter>
    </ClCompile>
    <ClCompile Include="..\game.cpp">
      <Filter>Source Files</Filter>
    </ClCompile>
    <ClCompile Include="..\GameController.cpp">
      <Filter>Source Files</Filter>
    </ClCompile>
    <ClCompile Include="..\GameEnd.cpp">
      <Filter>Source Files</Filter>
    </ClCompile>
    <ClCompile Include="..\GameStart.cpp">
      <Filter>Source Files</Filter>
    </ClCompile>
    <ClCompile Include="..\TowerBase.cpp">
      <Filter>Source Files</Filter>
    </ClCompile>
    <ClCompile Include="..\HighestPoint.cpp">
      <Filter>Source Files</Filter>
    </ClCompile>
    <ClCompile Include="..\BackgroundObject.cpp">
      <Filter>Source Files</Filter>
    </ClCompile>
    <ClCompile Include="..\CreditsScreen.cpp">
      <Filter>Source Files</Filter>
    </ClCompile>
    <ClCompile Include="..\dragonfly\lib\Animation.cpp">
      <Filter>Source Files</Filter>
    </ClCompile>
    <ClCompile Include="..\dragonfly\lib\Box.cpp">
      <Filter>Source Files</Filter>
    </ClCompile>
    <ClCompile Include="..\dragonfly\lib\Clock.cpp">
      <Filter>Source Files</Filter>
    </ClCompile>
    <ClCompile Include="..\dragonfly\lib\DisplayManager.cpp">
      <Filter>Source Files</Filter>
    </ClCompile>
    <ClCompile Include="..\dragonfly\lib\Event.cpp">
      <Filter>Source Files</Filter>
    </ClCompile>
    <ClCompile Include="..\dragonfly\lib\EventCollision.cpp">
      <Filter>Source Files</Filter>
    </ClCompile>
    <ClCompile Include="..\dragonfly\lib\EventKeyboard.cpp">
      <Filter>Source Files</Filter>
    </ClCompile>
    <ClCompile Include="..\dragonfly\lib\EventMouse.cpp">
      <Filter>Source Files</Filter>
    </ClCompile>
    <ClCompile Include="..\dragonfly\lib\EventOut.cpp">
      <Filter>Source Files</Filter>
    </ClCompile>
    <ClCompile Include="..\dragonfly\lib\EventStep.cpp">
      <Filter>Source Files</Filter>
    </ClCompile>
    <ClCompile Include="..\dragonfly\lib\EventView.cpp">
      <Filter>Source Files</Filter>
    </ClCompile>
    <ClCompile Include="..\dragonfly\lib\Frame.cpp">
      <Filter>Source Files</Filter>
    </ClCompile>
    <ClCompile Include="..\dragonfly\lib\GameManager.cpp">
      <Filter>Source Files</Filter>
    </ClCompile>
    <ClCompile Include="..\dragonfly\lib\InputManager.cpp">
      <Filter>Source Files</Filter>
    </ClCompile>
    <ClCompile Include="..\dragonfly\lib\LogManager.cpp">
      <Filter>Source Files</Filter>
    </ClCompile>
    <ClCompile Include="..\dragonfly\lib\Manager.cpp">
      <Filter>Source Files</Filter>
    </ClCompile>
    <ClCompile Include="..\dragonfly\lib\Music.cpp">
      <Filter>Source Files</Filter>
    </ClCompile>
    <ClCompile Include="..\dragonfly\lib\Object.cpp">
      <Filter>Source Files</Filter>
    </ClCompile>
    <ClCompile Include="..\dragonfly\lib\ObjectList.cpp">
      <Filter>Source Files</Filter>
    </ClCompile>
    <ClCompile Include="..\dragonfly\lib\ResourceManager.cpp">
      <Filter>Source Files</Filter>
    </ClCompile>
    <ClCompile Include="..\dragonfly\lib\Sound.cpp">
      <Filter>Source Files</Filter>
    </ClCompile>
    <ClCompile Include="..\dragonfly\lib\Sprite.cpp">
      <Filter>Source Files</Filter>
    </ClCompile>
    <ClCompile Include="..\dragonfly\lib\utility.cpp">
      <Filter>Source Files</Filter>
    </ClCompile>
    <ClCompile Include="..\dragonfly\lib\Vector.cpp">
      <Filter>Source Files</Filter>
    </ClCompile>
    <ClCompile Include="..\dragonfly\lib\ViewObject.cpp">
      <Filter>Source Files</Filter>
    </ClCompile>
    <ClCompile Include="..\dragonfly\lib\WorldManager.cpp">
      <Filter>Source Files</Filter>
    </ClCompile>
    <ClCompile Include="..\EventStack.cpp">
      <Filter>Source Files</Filter>
    </ClCompile>
    <ClCompile Include="..\EventStart.cpp">
      <Filter>Source Files</Filter>
    </ClCompile>
    <ClCompile Include="..\FastScrollBar.cpp">
      <Filter>Source Files</Filter>
    </ClCompile>
    <ClCompile Include="..\Modifier.cpp">
      <Filter>Source Files</Filter>
    </ClCompile>
    <ClCompile Include="..\Points.cpp">
      <Filter>Source Files</Filter>
    </ClCompile>
    <ClCompile Include="..\PrizeScreen.cpp">
      <Filter>Source Files</Filter>
    </ClCompile>
    <ClCompile Include="..\Retries.cpp">
      <Filter>Source Files</Filter>
    </ClCompile>
    <ClCompile Include="..\ShakeController.cpp">
      <Filter>Source Files</Filter>
    </ClCompile>
    <ClCompile Include="..\Warning.cpp">
      <Filter>Source Files</Filter>
    </ClCompile>
    <ClCompile Include="..\Window.cpp">
      <Filter>Source Files</Filter>
    </ClCompile>
  </ItemGroup>
  <ItemGroup>
    <ClInclude Include="..\Crate.h">
      <Filter>Header Files</Filter>
    </ClInclude>
    <ClInclude Include="..\GameController.h">
      <Filter>Header Files</Filter>
    </ClInclude>
    <ClInclude Include="..\GameEnd.h">
      <Filter>Header Files</Filter>
    </ClInclude>
    <ClInclude Include="..\GameStart.h">
      <Filter>Header Files</Filter>
    </ClInclude>
    <ClInclude Include="..\TowerBase.h">
      <Filter>Header Files</Filter>
    </ClInclude>
    <ClInclude Include="..\HighestPoint.h">
      <Filter>Header Files</Filter>
    </ClInclude>
    <ClInclude Include="..\BackgroundObject.h">
      <Filter>Header Files</Filter>
    </ClInclude>
    <ClInclude Include="..\CreditsScreen.h">
      <Filter>Header Files</Filter>
    </ClInclude>
    <ClInclude Include="..\dragonfly\include\Animation.h">
      <Filter>Header Files</Filter>
    </ClInclude>
    <ClInclude Include="..\dragonfly\include\Box.h">
      <Filter>Header Files</Filter>
    </ClInclude>
    <ClInclude Include="..\dragonfly\include\Clock.h">
      <Filter>Header Files</Filter>
    </ClInclude>
    <ClInclude Include="..\dragonfly\include\Color.h">
      <Filter>Header Files</Filter>
    </ClInclude>
    <ClInclude Include="..\dragonfly\include\DisplayManager.h">
      <Filter>Header Files</Filter>
    </ClInclude>
    <ClInclude Include="..\dragonfly\include\Event.h">
      <Filter>Header Files</Filter>
    </ClInclude>
    <ClInclude Include="..\dragonfly\include\EventCollision.h">
      <Filter>Header Files</Filter>
    </ClInclude>
    <ClInclude Include="..\dragonfly\include\EventKeyboard.h">
      <Filter>Header Files</Filter>
    </ClInclude>
    <ClInclude Include="..\dragonfly\include\EventMouse.h">
      <Filter>Header Files</Filter>
    </ClInclude>
    <ClInclude Include="..\dragonfly\include\EventOut.h">
      <Filter>Header Files</Filter>
    </ClInclude>
    <ClInclude Include="..\dragonfly\include\EventStep.h">
      <Filter>Header Files</Filter>
    </ClInclude>
    <ClInclude Include="..\dragonfly\include\EventView.h">
      <Filter>Header Files</Filter>
    </ClInclude>
    <ClInclude Include="..\dragonfly\include\Frame.h">
      <Filter>Header Files</Filter>
    </ClInclude>
    <ClInclude Include="..\dragonfly\include\GameManager.h">
      <Filter>Header Files</Filter>
    </ClInclude>
    <ClInclude Include="..\dragonfly\include\InputManager.h">
      <Filter>Header Files</Filter>
    </ClInclude>
    <ClInclude Include="..\dragonfly\include\LogManager.h">
      <Filter>Header Files</Filter>
    </ClInclude>
    <ClInclude Include="..\dragonfly\include\Manager.h">
      <Filter>Header Files</Filter>
    </ClInclude>
    <ClInclude Include="..\dragonfly\include\Music.h">
      <Filter>Header Files</Filter>
    </ClInclude>
    <ClInclude Include="..\dragonfly\include\Object.h">
      <Filter>Header Files</Filter>
    </ClInclude>
    <ClInclude Include="..\dragonfly\include\ObjectList.h">
      <Filter>Header Files</Filter>
    </ClInclude>
    <ClInclude Include="..\dragonfly\include\ResourceManager.h">
      <Filter>Header Files</Filter>
    </ClInclude>
    <ClInclude Include="..\dragonfly\include\Sound.h">
      <Filter>Header Files</Filter>
    </ClInclude>
    <ClInclude Include="..\dragonfly\include\Sprite.h">
      <Filter>Header Files</Filter>
    </ClInclude>
    <ClInclude Include="..\dragonfly\include\Testing.h">
      <Filter>Header Files</Filter>
    </ClInclude>
    <ClInclude Include="..\dragonfly\include\utility.h">
      <Filter>Header Files</Filter>
    </ClInclude>
    <ClInclude Include="..\dragonfly\include\Vector.h">
      <Filter>Header Files</Filter>
    </ClInclude>
    <ClInclude Include="..\dragonfly\include\ViewObject.h">
      <Filter>Header Files</Filter>
    </ClInclude>
    <ClInclude Include="..\dragonfly\include\WorldManager.h">
      <Filter>Header Files</Filter>
    </ClInclude>
    <ClInclude Include="..\EventStack.h">
      <Filter>Header Files</Filter>
    </ClInclude>
    <ClInclude Include="..\FastScrollBar.h">
      <Filter>Header Files</Filter>
    </ClInclude>
    <ClInclude Include="..\Modifier.h">
      <Filter>Header Files</Filter>
    </ClInclude>
    <ClInclude Include="..\Points.h">
      <Filter>Header Files</Filter>
    </ClInclude>
    <ClInclude Include="..\PrizeScreen.h">
      <Filter>Header Files</Filter>
    </ClInclude>
    <ClInclude Include="..\Retries.h">
      <Filter>Header Files</Filter>
    </ClInclude>
    <ClInclude Include="..\ShakeController.h">
      <Filter>Header Files</Filter>
    </ClInclude>
    <ClInclude Include="..\Warning.h">
      <Filter>Header Files</Filter>
    </ClInclude>
    <ClInclude Include="..\Window.h">
      <Filter>Header Files</Filter>
    </ClInclude>
  </ItemGroup>
</Project>