<?xml version="1.0" encoding="utf-8"?>
<Project ToolsVersion="4.0" xmlns="http://schemas.microsoft.com/developer/msbuild/2003">
  <ItemGroup>
    <Filter Include="Source Files">
      <UniqueIdentifier>{4FC737F1-C7A5-4376-A066-2A32D752A2FF}</UniqueIdentifier>
      <Extensions>cpp;c;cc;cxx;c++;cppm;ixx;def;odl;idl;hpj;bat;asm;asmx</Extensions>
    </Filter>
    <Filter Include="Header Files">
      <UniqueIdentifier>{93995380-89BD-4b04-88EB-625FBE52EBFB}</UniqueIdentifier>
      <Extensions>h;hh;hpp;hxx;h++;hm;inl;inc;ipp;xsd</Extensions>
    </Filter>
    <Filter Include="Resource Files">
      <UniqueIdentifier>{67DA6AB6-F800-4c08-8B7A-83BB121AAD01}</UniqueIdentifier>
      <Extensions>rc;ico;cur;bmp;dlg;rc2;rct;bin;rgs;gif;jpg;jpeg;jpe;resx;tiff;tif;png;wav;mfcribbon-ms</Extensions>
    </Filter>
    <Filter Include="Header Files\Dragonfly">
      <UniqueIdentifier>{a91a2a8f-a508-4e79-b646-ed1594140e0a}</UniqueIdentifier>
    </Filter>
    <Filter Include="Header Files\Dragonfly\Managers">
      <UniqueIdentifier>{08145a84-5718-4c5f-b271-cb0d3473d235}</UniqueIdentifier>
    </Filter>
    <Filter Include="Header Files\Dragonfly\Events">
      <UniqueIdentifier>{8ffa9cd5-db87-472b-9455-46797b9709d7}</UniqueIdentifier>
    </Filter>
    <Filter Include="Source Files\Dragonfly">
      <UniqueIdentifier>{9159dddf-5bb9-4086-910f-56c797fb4668}</UniqueIdentifier>
    </Filter>
    <Filter Include="Source Files\Dragonfly\Events">
      <UniqueIdentifier>{0e3e52dc-8524-41f5-bc3c-ade8b14c4987}</UniqueIdentifier>
    </Filter>
    <Filter Include="Source Files\Dragonfly\Managers">
      <UniqueIdentifier>{b0ef32e0-ed58-44a5-87c5-308bdc81a5b4}</UniqueIdentifier>
    </Filter>
  </ItemGroup>
  <ItemGroup>
    <ClCompile Include="..\Crate.cpp">
      <Filter>Source Files</Filter>
    </ClCompile>
    <ClCompile Include="..\game.cpp">
      <Filter>Source Files</Filter>
    </ClCompile>
    <ClCompile Include="..\GameController.cpp">
      <Filter>Source Files</Filter>
    </ClCompile>
    <ClCompile Include="..\dragonfly\Animation.cpp">
      <Filter>Source Files\Dragonfly</Filter>
    </ClCompile>
    <ClCompile Include="..\dragonfly\Box.cpp">
      <Filter>Source Files\Dragonfly</Filter>
    </ClCompile>
    <ClCompile Include="..\dragonfly\Clock.cpp">
      <Filter>Source Files\Dragonfly</Filter>
    </ClCompile>
    <ClCompile Include="..\dragonfly\Frame.cpp">
      <Filter>Source Files\Dragonfly</Filter>
    </ClCompile>
    <ClCompile Include="..\dragonfly\Music.cpp">
      <Filter>Source Files\Dragonfly</Filter>
    </ClCompile>
    <ClCompile Include="..\dragonfly\Object.cpp">
      <Filter>Source Files\Dragonfly</Filter>
    </ClCompile>
    <ClCompile Include="..\dragonfly\ObjectList.cpp">
      <Filter>Source Files\Dragonfly</Filter>
    </ClCompile>
    <ClCompile Include="..\dragonfly\Sound.cpp">
      <Filter>Source Files\Dragonfly</Filter>
    </ClCompile>
    <ClCompile Include="..\dragonfly\Sprite.cpp">
      <Filter>Source Files\Dragonfly</Filter>
    </ClCompile>
    <ClCompile Include="..\dragonfly\utility.cpp">
      <Filter>Source Files\Dragonfly</Filter>
    </ClCompile>
    <ClCompile Include="..\dragonfly\Vector.cpp">
      <Filter>Source Files\Dragonfly</Filter>
    </ClCompile>
    <ClCompile Include="..\dragonfly\ViewObject.cpp">
      <Filter>Source Files\Dragonfly</Filter>
    </ClCompile>
    <ClCompile Include="..\dragonfly\DisplayManager.cpp">
      <Filter>Source Files\Dragonfly\Managers</Filter>
    </ClCompile>
    <ClCompile Include="..\dragonfly\GameManager.cpp">
      <Filter>Source Files\Dragonfly\Managers</Filter>
    </ClCompile>
    <ClCompile Include="..\dragonfly\InputManager.cpp">
      <Filter>Source Files\Dragonfly\Managers</Filter>
    </ClCompile>
    <ClCompile Include="..\dragonfly\LogManager.cpp">
      <Filter>Source Files\Dragonfly\Managers</Filter>
    </ClCompile>
    <ClCompile Include="..\dragonfly\Manager.cpp">
      <Filter>Source Files\Dragonfly\Managers</Filter>
    </ClCompile>
    <ClCompile Include="..\dragonfly\ResourceManager.cpp">
      <Filter>Source Files\Dragonfly\Managers</Filter>
    </ClCompile>
    <ClCompile Include="..\dragonfly\WorldManager.cpp">
      <Filter>Source Files\Dragonfly\Managers</Filter>
    </ClCompile>
    <ClCompile Include="..\dragonfly\Event.cpp">
      <Filter>Source Files\Dragonfly\Events</Filter>
    </ClCompile>
    <ClCompile Include="..\dragonfly\EventCollision.cpp">
      <Filter>Source Files\Dragonfly\Events</Filter>
    </ClCompile>
    <ClCompile Include="..\dragonfly\EventKeyboard.cpp">
      <Filter>Source Files\Dragonfly\Events</Filter>
    </ClCompile>
    <ClCompile Include="..\dragonfly\EventMouse.cpp">
      <Filter>Source Files\Dragonfly\Events</Filter>
    </ClCompile>
    <ClCompile Include="..\dragonfly\EventOut.cpp">
      <Filter>Source Files\Dragonfly\Events</Filter>
    </ClCompile>
    <ClCompile Include="..\dragonfly\EventStep.cpp">
      <Filter>Source Files\Dragonfly\Events</Filter>
    </ClCompile>
    <ClCompile Include="..\dragonfly\EventView.cpp">
      <Filter>Source Files\Dragonfly\Events</Filter>
    </ClCompile>
    <ClCompile Include="..\GameEnd.cpp">
      <Filter>Source Files</Filter>
    </ClCompile>
    <ClCompile Include="..\GameStart.cpp">
      <Filter>Source Files</Filter>
    </ClCompile>
    <ClCompile Include="..\TowerBase.cpp">
      <Filter>Source Files</Filter>
    </ClCompile>
    <ClCompile Include="..\TopCrateIndicator.cpp">
      <Filter>Source Files</Filter>
    </ClCompile>
  </ItemGroup>
  <ItemGroup>
    <ClInclude Include="..\Crate.h">
      <Filter>Header Files</Filter>
    </ClInclude>
    <ClInclude Include="..\GameController.h">
      <Filter>Header Files</Filter>
    </ClInclude>
    <ClInclude Include="..\dragonfly\Animation.h">
      <Filter>Header Files\Dragonfly</Filter>
    </ClInclude>
    <ClInclude Include="..\dragonfly\Box.h">
      <Filter>Header Files\Dragonfly</Filter>
    </ClInclude>
    <ClInclude Include="..\dragonfly\Clock.h">
      <Filter>Header Files\Dragonfly</Filter>
    </ClInclude>
    <ClInclude Include="..\dragonfly\Color.h">
      <Filter>Header Files\Dragonfly</Filter>
    </ClInclude>
    <ClInclude Include="..\dragonfly\Frame.h">
      <Filter>Header Files\Dragonfly</Filter>
    </ClInclude>
    <ClInclude Include="..\dragonfly\Music.h">
      <Filter>Header Files\Dragonfly</Filter>
    </ClInclude>
    <ClInclude Include="..\dragonfly\Object.h">
      <Filter>Header Files\Dragonfly</Filter>
    </ClInclude>
    <ClInclude Include="..\dragonfly\ObjectList.h">
      <Filter>Header Files\Dragonfly</Filter>
    </ClInclude>
    <ClInclude Include="..\dragonfly\Sound.h">
      <Filter>Header Files\Dragonfly</Filter>
    </ClInclude>
    <ClInclude Include="..\dragonfly\Sprite.h">
      <Filter>Header Files\Dragonfly</Filter>
    </ClInclude>
    <ClInclude Include="..\dragonfly\Testing.h">
      <Filter>Header Files\Dragonfly</Filter>
    </ClInclude>
    <ClInclude Include="..\dragonfly\utility.h">
      <Filter>Header Files\Dragonfly</Filter>
    </ClInclude>
    <ClInclude Include="..\dragonfly\Vector.h">
      <Filter>Header Files\Dragonfly</Filter>
    </ClInclude>
    <ClInclude Include="..\dragonfly\ViewObject.h">
      <Filter>Header Files\Dragonfly</Filter>
    </ClInclude>
    <ClInclude Include="..\dragonfly\DisplayManager.h">
      <Filter>Header Files\Dragonfly\Managers</Filter>
    </ClInclude>
    <ClInclude Include="..\dragonfly\GameManager.h">
      <Filter>Header Files\Dragonfly\Managers</Filter>
    </ClInclude>
    <ClInclude Include="..\dragonfly\InputManager.h">
      <Filter>Header Files\Dragonfly\Managers</Filter>
    </ClInclude>
    <ClInclude Include="..\dragonfly\LogManager.h">
      <Filter>Header Files\Dragonfly\Managers</Filter>
    </ClInclude>
    <ClInclude Include="..\dragonfly\Manager.h">
      <Filter>Header Files\Dragonfly\Managers</Filter>
    </ClInclude>
    <ClInclude Include="..\dragonfly\ResourceManager.h">
      <Filter>Header Files\Dragonfly\Managers</Filter>
    </ClInclude>
    <ClInclude Include="..\dragonfly\WorldManager.h">
      <Filter>Header Files\Dragonfly\Managers</Filter>
    </ClInclude>
    <ClInclude Include="..\dragonfly\EventCollision.h">
      <Filter>Header Files\Dragonfly\Events</Filter>
    </ClInclude>
    <ClInclude Include="..\dragonfly\Event.h">
      <Filter>Header Files\Dragonfly\Events</Filter>
    </ClInclude>
    <ClInclude Include="..\dragonfly\EventKeyboard.h">
      <Filter>Header Files\Dragonfly\Events</Filter>
    </ClInclude>
    <ClInclude Include="..\dragonfly\EventMouse.h">
      <Filter>Header Files\Dragonfly\Events</Filter>
    </ClInclude>
    <ClInclude Include="..\dragonfly\EventOut.h">
      <Filter>Header Files\Dragonfly\Events</Filter>
    </ClInclude>
    <ClInclude Include="..\dragonfly\EventStep.h">
      <Filter>Header Files\Dragonfly\Events</Filter>
    </ClInclude>
    <ClInclude Include="..\dragonfly\EventView.h">
      <Filter>Header Files\Dragonfly\Events</Filter>
    </ClInclude>
    <ClInclude Include="..\GameEnd.h">
      <Filter>Header Files</Filter>
    </ClInclude>
    <ClInclude Include="..\GameStart.h">
      <Filter>Header Files</Filter>
    </ClInclude>
    <ClInclude Include="..\TowerBase.h">
      <Filter>Header Files</Filter>
    </ClInclude>
    <ClInclude Include="..\TopCrateIndicator.h">
      <Filter>Header Files</Filter>
    </ClInclude>
  </ItemGroup>
</Project>